// !$*UTF8*$!
{
	archiveVersion = 1;
	classes = {
	};
	objectVersion = 56;
	objects = {

/* Begin PBXBuildFile section */
		F91BF1582A42AE91003F449F /* MovieAppMVVMApp.swift in Sources */ = {isa = PBXBuildFile; fileRef = F91BF1572A42AE91003F449F /* MovieAppMVVMApp.swift */; };
		F91BF15A2A42AE91003F449F /* ContentView.swift in Sources */ = {isa = PBXBuildFile; fileRef = F91BF1592A42AE91003F449F /* ContentView.swift */; };
		F91BF15C2A42AE93003F449F /* Assets.xcassets in Resources */ = {isa = PBXBuildFile; fileRef = F91BF15B2A42AE93003F449F /* Assets.xcassets */; };
		F91BF15F2A42AE93003F449F /* Preview Assets.xcassets in Resources */ = {isa = PBXBuildFile; fileRef = F91BF15E2A42AE93003F449F /* Preview Assets.xcassets */; };
		F91BF1672A42AFAC003F449F /* Constants.swift in Sources */ = {isa = PBXBuildFile; fileRef = F91BF1662A42AFAC003F449F /* Constants.swift */; };
		F91BF1722A42BB5E003F449F /* ImageLoader.swift in Sources */ = {isa = PBXBuildFile; fileRef = F91BF1712A42BB5E003F449F /* ImageLoader.swift */; };
		F91BF1742A42C153003F449F /* URLImage.swift in Sources */ = {isa = PBXBuildFile; fileRef = F91BF1732A42C153003F449F /* URLImage.swift */; };
		F9452BB92A454A0B0070DB3A /* String+Extensions.swift in Sources */ = {isa = PBXBuildFile; fileRef = F9452BB82A454A0B0070DB3A /* String+Extensions.swift */; };
		F9452BBB2A454AF80070DB3A /* FailedView.swift in Sources */ = {isa = PBXBuildFile; fileRef = F9452BBA2A454AF80070DB3A /* FailedView.swift */; };
		F9452BBD2A45502E0070DB3A /* ViewModelBase.swift in Sources */ = {isa = PBXBuildFile; fileRef = F9452BBC2A45502E0070DB3A /* ViewModelBase.swift */; };
		F9452BC12A4552600070DB3A /* LoadingView.swift in Sources */ = {isa = PBXBuildFile; fileRef = F9452BC02A4552600070DB3A /* LoadingView.swift */; };
		F9902B322A47F4C400EDF0CC /* MovieDetail.swift in Sources */ = {isa = PBXBuildFile; fileRef = F9902B312A47F4C400EDF0CC /* MovieDetail.swift */; };
		F9902B342A47FB4B00EDF0CC /* MovieDetailViewModel.swift in Sources */ = {isa = PBXBuildFile; fileRef = F9902B332A47FB4B00EDF0CC /* MovieDetailViewModel.swift */; };
		F9902B362A47FD6100EDF0CC /* MovieDetailScreen.swift in Sources */ = {isa = PBXBuildFile; fileRef = F9902B352A47FD6100EDF0CC /* MovieDetailScreen.swift */; };
		F9902B382A48049500EDF0CC /* MovieDetailView.swift in Sources */ = {isa = PBXBuildFile; fileRef = F9902B372A48049500EDF0CC /* MovieDetailView.swift */; };
		F9B8A20D2A43B72C009F118A /* Rating.swift in Sources */ = {isa = PBXBuildFile; fileRef = F9B8A20C2A43B72C009F118A /* Rating.swift */; };
		F9B8A20F2A43FB6C009F118A /* Movie.swift in Sources */ = {isa = PBXBuildFile; fileRef = F9B8A20E2A43FB6C009F118A /* Movie.swift */; };
		F9B8A2112A43FD27009F118A /* MovieDBService.swift in Sources */ = {isa = PBXBuildFile; fileRef = F9B8A2102A43FD27009F118A /* MovieDBService.swift */; };
		F9B8A2142A4404FE009F118A /* URL+Extensions.swift in Sources */ = {isa = PBXBuildFile; fileRef = F9B8A2132A4404FE009F118A /* URL+Extensions.swift */; };
		F9B8A2162A4405D8009F118A /* MovieListViewModel.swift in Sources */ = {isa = PBXBuildFile; fileRef = F9B8A2152A4405D8009F118A /* MovieListViewModel.swift */; };
		F9B8A2182A44089A009F118A /* MovieListScreen.swift in Sources */ = {isa = PBXBuildFile; fileRef = F9B8A2172A44089A009F118A /* MovieListScreen.swift */; };
		F9B8A21A2A440959009F118A /* MovieListView.swift in Sources */ = {isa = PBXBuildFile; fileRef = F9B8A2192A440959009F118A /* MovieListView.swift */; };
		F9B8A21C2A4409F0009F118A /* View+Extensions.swift in Sources */ = {isa = PBXBuildFile; fileRef = F9B8A21B2A4409F0009F118A /* View+Extensions.swift */; };
/* End PBXBuildFile section */

/* Begin PBXFileReference section */
		F91BF1542A42AE91003F449F /* MovieAppMVVM.app */ = {isa = PBXFileReference; explicitFileType = wrapper.application; includeInIndex = 0; path = MovieAppMVVM.app; sourceTree = BUILT_PRODUCTS_DIR; };
		F91BF1572A42AE91003F449F /* MovieAppMVVMApp.swift */ = {isa = PBXFileReference; lastKnownFileType = sourcecode.swift; path = MovieAppMVVMApp.swift; sourceTree = "<group>"; };
		F91BF1592A42AE91003F449F /* ContentView.swift */ = {isa = PBXFileReference; lastKnownFileType = sourcecode.swift; path = ContentView.swift; sourceTree = "<group>"; };
		F91BF15B2A42AE93003F449F /* Assets.xcassets */ = {isa = PBXFileReference; lastKnownFileType = folder.assetcatalog; path = Assets.xcassets; sourceTree = "<group>"; };
		F91BF15E2A42AE93003F449F /* Preview Assets.xcassets */ = {isa = PBXFileReference; lastKnownFileType = folder.assetcatalog; path = "Preview Assets.xcassets"; sourceTree = "<group>"; };
		F91BF1662A42AFAC003F449F /* Constants.swift */ = {isa = PBXFileReference; lastKnownFileType = sourcecode.swift; path = Constants.swift; sourceTree = "<group>"; };
		F91BF1712A42BB5E003F449F /* ImageLoader.swift */ = {isa = PBXFileReference; lastKnownFileType = sourcecode.swift; path = ImageLoader.swift; sourceTree = "<group>"; };
		F91BF1732A42C153003F449F /* URLImage.swift */ = {isa = PBXFileReference; lastKnownFileType = sourcecode.swift; path = URLImage.swift; sourceTree = "<group>"; };
		F9452BB82A454A0B0070DB3A /* String+Extensions.swift */ = {isa = PBXFileReference; lastKnownFileType = sourcecode.swift; path = "String+Extensions.swift"; sourceTree = "<group>"; };
		F9452BBA2A454AF80070DB3A /* FailedView.swift */ = {isa = PBXFileReference; lastKnownFileType = sourcecode.swift; path = FailedView.swift; sourceTree = "<group>"; };
		F9452BBC2A45502E0070DB3A /* ViewModelBase.swift */ = {isa = PBXFileReference; lastKnownFileType = sourcecode.swift; path = ViewModelBase.swift; sourceTree = "<group>"; };
		F9452BC02A4552600070DB3A /* LoadingView.swift */ = {isa = PBXFileReference; lastKnownFileType = sourcecode.swift; path = LoadingView.swift; sourceTree = "<group>"; };
		F9902B312A47F4C400EDF0CC /* MovieDetail.swift */ = {isa = PBXFileReference; lastKnownFileType = sourcecode.swift; path = MovieDetail.swift; sourceTree = "<group>"; };
		F9902B332A47FB4B00EDF0CC /* MovieDetailViewModel.swift */ = {isa = PBXFileReference; lastKnownFileType = sourcecode.swift; path = MovieDetailViewModel.swift; sourceTree = "<group>"; };
		F9902B352A47FD6100EDF0CC /* MovieDetailScreen.swift */ = {isa = PBXFileReference; lastKnownFileType = sourcecode.swift; path = MovieDetailScreen.swift; sourceTree = "<group>"; };
		F9902B372A48049500EDF0CC /* MovieDetailView.swift */ = {isa = PBXFileReference; lastKnownFileType = sourcecode.swift; path = MovieDetailView.swift; sourceTree = "<group>"; };
		F9B8A20C2A43B72C009F118A /* Rating.swift */ = {isa = PBXFileReference; lastKnownFileType = sourcecode.swift; path = Rating.swift; sourceTree = "<group>"; };
		F9B8A20E2A43FB6C009F118A /* Movie.swift */ = {isa = PBXFileReference; lastKnownFileType = sourcecode.swift; path = Movie.swift; sourceTree = "<group>"; };
		F9B8A2102A43FD27009F118A /* MovieDBService.swift */ = {isa = PBXFileReference; lastKnownFileType = sourcecode.swift; path = MovieDBService.swift; sourceTree = "<group>"; };
		F9B8A2122A44040D009F118A /* Info.plist */ = {isa = PBXFileReference; lastKnownFileType = text.plist; path = Info.plist; sourceTree = "<group>"; };
		F9B8A2132A4404FE009F118A /* URL+Extensions.swift */ = {isa = PBXFileReference; lastKnownFileType = sourcecode.swift; path = "URL+Extensions.swift"; sourceTree = "<group>"; };
		F9B8A2152A4405D8009F118A /* MovieListViewModel.swift */ = {isa = PBXFileReference; lastKnownFileType = sourcecode.swift; path = MovieListViewModel.swift; sourceTree = "<group>"; };
		F9B8A2172A44089A009F118A /* MovieListScreen.swift */ = {isa = PBXFileReference; lastKnownFileType = sourcecode.swift; path = MovieListScreen.swift; sourceTree = "<group>"; };
		F9B8A2192A440959009F118A /* MovieListView.swift */ = {isa = PBXFileReference; lastKnownFileType = sourcecode.swift; path = MovieListView.swift; sourceTree = "<group>"; };
		F9B8A21B2A4409F0009F118A /* View+Extensions.swift */ = {isa = PBXFileReference; lastKnownFileType = sourcecode.swift; path = "View+Extensions.swift"; sourceTree = "<group>"; };
/* End PBXFileReference section */

/* Begin PBXFrameworksBuildPhase section */
		F91BF1512A42AE91003F449F /* Frameworks */ = {
			isa = PBXFrameworksBuildPhase;
			buildActionMask = 2147483647;
			files = (
			);
			runOnlyForDeploymentPostprocessing = 0;
		};
/* End PBXFrameworksBuildPhase section */

/* Begin PBXGroup section */
		F91BF14B2A42AE91003F449F = {
			isa = PBXGroup;
			children = (
				F91BF1562A42AE91003F449F /* MovieAppMVVM */,
				F91BF1552A42AE91003F449F /* Products */,
			);
			sourceTree = "<group>";
		};
		F91BF1552A42AE91003F449F /* Products */ = {
			isa = PBXGroup;
			children = (
				F91BF1542A42AE91003F449F /* MovieAppMVVM.app */,
			);
			name = Products;
			sourceTree = "<group>";
		};
		F91BF1562A42AE91003F449F /* MovieAppMVVM */ = {
			isa = PBXGroup;
			children = (
				F9B8A2122A44040D009F118A /* Info.plist */,
				F91BF16F2A42B2F0003F449F /* Views */,
				F91BF16E2A42B2E9003F449F /* Screens */,
				F91BF16D2A42B2E2003F449F /* Extensions */,
				F91BF16C2A42B2DA003F449F /* Controls */,
				F91BF16B2A42B2CF003F449F /* Loaders */,
				F91BF16A2A42B2C3003F449F /* Services */,
				F91BF1692A42B2B7003F449F /* Models */,
				F91BF1682A42B2AA003F449F /* View Models */,
				F91BF1652A42AF8F003F449F /* Utils */,
				F91BF1572A42AE91003F449F /* MovieAppMVVMApp.swift */,
				F91BF1592A42AE91003F449F /* ContentView.swift */,
				F91BF15B2A42AE93003F449F /* Assets.xcassets */,
				F91BF15D2A42AE93003F449F /* Preview Content */,
			);
			path = MovieAppMVVM;
			sourceTree = "<group>";
		};
		F91BF15D2A42AE93003F449F /* Preview Content */ = {
			isa = PBXGroup;
			children = (
				F91BF15E2A42AE93003F449F /* Preview Assets.xcassets */,
			);
			path = "Preview Content";
			sourceTree = "<group>";
		};
		F91BF1652A42AF8F003F449F /* Utils */ = {
			isa = PBXGroup;
			children = (
				F91BF1662A42AFAC003F449F /* Constants.swift */,
			);
			path = Utils;
			sourceTree = "<group>";
		};
		F91BF1682A42B2AA003F449F /* View Models */ = {
			isa = PBXGroup;
			children = (
				F9B8A2152A4405D8009F118A /* MovieListViewModel.swift */,
				F9452BBC2A45502E0070DB3A /* ViewModelBase.swift */,
				F9902B332A47FB4B00EDF0CC /* MovieDetailViewModel.swift */,
			);
			path = "View Models";
			sourceTree = "<group>";
		};
		F91BF1692A42B2B7003F449F /* Models */ = {
			isa = PBXGroup;
			children = (
				F9B8A20E2A43FB6C009F118A /* Movie.swift */,
				F9902B312A47F4C400EDF0CC /* MovieDetail.swift */,
			);
			path = Models;
			sourceTree = "<group>";
		};
		F91BF16A2A42B2C3003F449F /* Services */ = {
			isa = PBXGroup;
			children = (
				F9B8A2102A43FD27009F118A /* MovieDBService.swift */,
			);
			path = Services;
			sourceTree = "<group>";
		};
		F91BF16B2A42B2CF003F449F /* Loaders */ = {
			isa = PBXGroup;
			children = (
				F91BF1712A42BB5E003F449F /* ImageLoader.swift */,
			);
			path = Loaders;
			sourceTree = "<group>";
		};
		F91BF16C2A42B2DA003F449F /* Controls */ = {
			isa = PBXGroup;
			children = (
				F91BF1732A42C153003F449F /* URLImage.swift */,
				F9B8A20C2A43B72C009F118A /* Rating.swift */,
			);
			path = Controls;
			sourceTree = "<group>";
		};
		F91BF16D2A42B2E2003F449F /* Extensions */ = {
			isa = PBXGroup;
			children = (
				F9B8A2132A4404FE009F118A /* URL+Extensions.swift */,
				F9B8A21B2A4409F0009F118A /* View+Extensions.swift */,
				F9452BB82A454A0B0070DB3A /* String+Extensions.swift */,
			);
			path = Extensions;
			sourceTree = "<group>";
		};
		F91BF16E2A42B2E9003F449F /* Screens */ = {
			isa = PBXGroup;
			children = (
				F9B8A2172A44089A009F118A /* MovieListScreen.swift */,
				F9902B352A47FD6100EDF0CC /* MovieDetailScreen.swift */,
			);
			path = Screens;
			sourceTree = "<group>";
		};
		F91BF16F2A42B2F0003F449F /* Views */ = {
			isa = PBXGroup;
			children = (
				F9B8A2192A440959009F118A /* MovieListView.swift */,
				F9452BBA2A454AF80070DB3A /* FailedView.swift */,
				F9452BC02A4552600070DB3A /* LoadingView.swift */,
				F9902B372A48049500EDF0CC /* MovieDetailView.swift */,
			);
			path = Views;
			sourceTree = "<group>";
		};
/* End PBXGroup section */

/* Begin PBXNativeTarget section */
		F91BF1532A42AE91003F449F /* MovieAppMVVM */ = {
			isa = PBXNativeTarget;
			buildConfigurationList = F91BF1622A42AE93003F449F /* Build configuration list for PBXNativeTarget "MovieAppMVVM" */;
			buildPhases = (
				F91BF1502A42AE91003F449F /* Sources */,
				F91BF1512A42AE91003F449F /* Frameworks */,
				F91BF1522A42AE91003F449F /* Resources */,
			);
			buildRules = (
			);
			dependencies = (
			);
			name = MovieAppMVVM;
			productName = MovieAppMVVM;
			productReference = F91BF1542A42AE91003F449F /* MovieAppMVVM.app */;
			productType = "com.apple.product-type.application";
		};
/* End PBXNativeTarget section */

/* Begin PBXProject section */
		F91BF14C2A42AE91003F449F /* Project object */ = {
			isa = PBXProject;
			attributes = {
				BuildIndependentTargetsInParallel = 1;
				LastSwiftUpdateCheck = 1410;
				LastUpgradeCheck = 1410;
				TargetAttributes = {
					F91BF1532A42AE91003F449F = {
						CreatedOnToolsVersion = 14.1;
					};
				};
			};
			buildConfigurationList = F91BF14F2A42AE91003F449F /* Build configuration list for PBXProject "MovieAppMVVM" */;
			compatibilityVersion = "Xcode 14.0";
			developmentRegion = en;
			hasScannedForEncodings = 0;
			knownRegions = (
				en,
				Base,
			);
			mainGroup = F91BF14B2A42AE91003F449F;
			productRefGroup = F91BF1552A42AE91003F449F /* Products */;
			projectDirPath = "";
			projectRoot = "";
			targets = (
				F91BF1532A42AE91003F449F /* MovieAppMVVM */,
			);
		};
/* End PBXProject section */

/* Begin PBXResourcesBuildPhase section */
		F91BF1522A42AE91003F449F /* Resources */ = {
			isa = PBXResourcesBuildPhase;
			buildActionMask = 2147483647;
			files = (
				F91BF15F2A42AE93003F449F /* Preview Assets.xcassets in Resources */,
				F91BF15C2A42AE93003F449F /* Assets.xcassets in Resources */,
			);
			runOnlyForDeploymentPostprocessing = 0;
		};
/* End PBXResourcesBuildPhase section */

/* Begin PBXSourcesBuildPhase section */
		F91BF1502A42AE91003F449F /* Sources */ = {
			isa = PBXSourcesBuildPhase;
			buildActionMask = 2147483647;
			files = (
				F9B8A20F2A43FB6C009F118A /* Movie.swift in Sources */,
				F9902B342A47FB4B00EDF0CC /* MovieDetailViewModel.swift in Sources */,
				F9B8A20D2A43B72C009F118A /* Rating.swift in Sources */,
				F9B8A2112A43FD27009F118A /* MovieDBService.swift in Sources */,
				F9902B322A47F4C400EDF0CC /* MovieDetail.swift in Sources */,
				F91BF15A2A42AE91003F449F /* ContentView.swift in Sources */,
				F9902B382A48049500EDF0CC /* MovieDetailView.swift in Sources */,
				F9452BC12A4552600070DB3A /* LoadingView.swift in Sources */,
				F9B8A2142A4404FE009F118A /* URL+Extensions.swift in Sources */,
				F9452BBD2A45502E0070DB3A /* ViewModelBase.swift in Sources */,
				F9B8A21A2A440959009F118A /* MovieListView.swift in Sources */,
				F91BF1582A42AE91003F449F /* MovieAppMVVMApp.swift in Sources */,
				F91BF1722A42BB5E003F449F /* ImageLoader.swift in Sources */,
				F9452BB92A454A0B0070DB3A /* String+Extensions.swift in Sources */,
				F9902B362A47FD6100EDF0CC /* MovieDetailScreen.swift in Sources */,
				F91BF1742A42C153003F449F /* URLImage.swift in Sources */,
				F9452BBB2A454AF80070DB3A /* FailedView.swift in Sources */,
				F9B8A21C2A4409F0009F118A /* View+Extensions.swift in Sources */,
				F9B8A2182A44089A009F118A /* MovieListScreen.swift in Sources */,
				F91BF1672A42AFAC003F449F /* Constants.swift in Sources */,
				F9B8A2162A4405D8009F118A /* MovieListViewModel.swift in Sources */,
			);
			runOnlyForDeploymentPostprocessing = 0;
		};
/* End PBXSourcesBuildPhase section */

/* Begin XCBuildConfiguration section */
		F91BF1602A42AE93003F449F /* Debug */ = {
			isa = XCBuildConfiguration;
			buildSettings = {
				ALWAYS_SEARCH_USER_PATHS = NO;
				CLANG_ANALYZER_NONNULL = YES;
				CLANG_ANALYZER_NUMBER_OBJECT_CONVERSION = YES_AGGRESSIVE;
				CLANG_CXX_LANGUAGE_STANDARD = "gnu++20";
				CLANG_ENABLE_MODULES = YES;
				CLANG_ENABLE_OBJC_ARC = YES;
				CLANG_ENABLE_OBJC_WEAK = YES;
				CLANG_WARN_BLOCK_CAPTURE_AUTORELEASING = YES;
				CLANG_WARN_BOOL_CONVERSION = YES;
				CLANG_WARN_COMMA = YES;
				CLANG_WARN_CONSTANT_CONVERSION = YES;
				CLANG_WARN_DEPRECATED_OBJC_IMPLEMENTATIONS = YES;
				CLANG_WARN_DIRECT_OBJC_ISA_USAGE = YES_ERROR;
				CLANG_WARN_DOCUMENTATION_COMMENTS = YES;
				CLANG_WARN_EMPTY_BODY = YES;
				CLANG_WARN_ENUM_CONVERSION = YES;
				CLANG_WARN_INFINITE_RECURSION = YES;
				CLANG_WARN_INT_CONVERSION = YES;
				CLANG_WARN_NON_LITERAL_NULL_CONVERSION = YES;
				CLANG_WARN_OBJC_IMPLICIT_RETAIN_SELF = YES;
				CLANG_WARN_OBJC_LITERAL_CONVERSION = YES;
				CLANG_WARN_OBJC_ROOT_CLASS = YES_ERROR;
				CLANG_WARN_QUOTED_INCLUDE_IN_FRAMEWORK_HEADER = YES;
				CLANG_WARN_RANGE_LOOP_ANALYSIS = YES;
				CLANG_WARN_STRICT_PROTOTYPES = YES;
				CLANG_WARN_SUSPICIOUS_MOVE = YES;
				CLANG_WARN_UNGUARDED_AVAILABILITY = YES_AGGRESSIVE;
				CLANG_WARN_UNREACHABLE_CODE = YES;
				CLANG_WARN__DUPLICATE_METHOD_MATCH = YES;
				COPY_PHASE_STRIP = NO;
				DEBUG_INFORMATION_FORMAT = dwarf;
				ENABLE_STRICT_OBJC_MSGSEND = YES;
				ENABLE_TESTABILITY = YES;
				GCC_C_LANGUAGE_STANDARD = gnu11;
				GCC_DYNAMIC_NO_PIC = NO;
				GCC_NO_COMMON_BLOCKS = YES;
				GCC_OPTIMIZATION_LEVEL = 0;
				GCC_PREPROCESSOR_DEFINITIONS = (
					"DEBUG=1",
					"$(inherited)",
				);
				GCC_WARN_64_TO_32_BIT_CONVERSION = YES;
				GCC_WARN_ABOUT_RETURN_TYPE = YES_ERROR;
				GCC_WARN_UNDECLARED_SELECTOR = YES;
				GCC_WARN_UNINITIALIZED_AUTOS = YES_AGGRESSIVE;
				GCC_WARN_UNUSED_FUNCTION = YES;
				GCC_WARN_UNUSED_VARIABLE = YES;
				IPHONEOS_DEPLOYMENT_TARGET = 16.1;
				MTL_ENABLE_DEBUG_INFO = INCLUDE_SOURCE;
				MTL_FAST_MATH = YES;
				ONLY_ACTIVE_ARCH = YES;
				SDKROOT = iphoneos;
				SWIFT_ACTIVE_COMPILATION_CONDITIONS = DEBUG;
				SWIFT_OPTIMIZATION_LEVEL = "-Onone";
			};
			name = Debug;
		};
		F91BF1612A42AE93003F449F /* Release */ = {
			isa = XCBuildConfiguration;
			buildSettings = {
				ALWAYS_SEARCH_USER_PATHS = NO;
				CLANG_ANALYZER_NONNULL = YES;
				CLANG_ANALYZER_NUMBER_OBJECT_CONVERSION = YES_AGGRESSIVE;
				CLANG_CXX_LANGUAGE_STANDARD = "gnu++20";
				CLANG_ENABLE_MODULES = YES;
				CLANG_ENABLE_OBJC_ARC = YES;
				CLANG_ENABLE_OBJC_WEAK = YES;
				CLANG_WARN_BLOCK_CAPTURE_AUTORELEASING = YES;
				CLANG_WARN_BOOL_CONVERSION = YES;
				CLANG_WARN_COMMA = YES;
				CLANG_WARN_CONSTANT_CONVERSION = YES;
				CLANG_WARN_DEPRECATED_OBJC_IMPLEMENTATIONS = YES;
				CLANG_WARN_DIRECT_OBJC_ISA_USAGE = YES_ERROR;
				CLANG_WARN_DOCUMENTATION_COMMENTS = YES;
				CLANG_WARN_EMPTY_BODY = YES;
				CLANG_WARN_ENUM_CONVERSION = YES;
				CLANG_WARN_INFINITE_RECURSION = YES;
				CLANG_WARN_INT_CONVERSION = YES;
				CLANG_WARN_NON_LITERAL_NULL_CONVERSION = YES;
				CLANG_WARN_OBJC_IMPLICIT_RETAIN_SELF = YES;
				CLANG_WARN_OBJC_LITERAL_CONVERSION = YES;
				CLANG_WARN_OBJC_ROOT_CLASS = YES_ERROR;
				CLANG_WARN_QUOTED_INCLUDE_IN_FRAMEWORK_HEADER = YES;
				CLANG_WARN_RANGE_LOOP_ANALYSIS = YES;
				CLANG_WARN_STRICT_PROTOTYPES = YES;
				CLANG_WARN_SUSPICIOUS_MOVE = YES;
				CLANG_WARN_UNGUARDED_AVAILABILITY = YES_AGGRESSIVE;
				CLANG_WARN_UNREACHABLE_CODE = YES;
				CLANG_WARN__DUPLICATE_METHOD_MATCH = YES;
				COPY_PHASE_STRIP = NO;
				DEBUG_INFORMATION_FORMAT = "dwarf-with-dsym";
				ENABLE_NS_ASSERTIONS = NO;
				ENABLE_STRICT_OBJC_MSGSEND = YES;
				GCC_C_LANGUAGE_STANDARD = gnu11;
				GCC_NO_COMMON_BLOCKS = YES;
				GCC_WARN_64_TO_32_BIT_CONVERSION = YES;
				GCC_WARN_ABOUT_RETURN_TYPE = YES_ERROR;
				GCC_WARN_UNDECLARED_SELECTOR = YES;
				GCC_WARN_UNINITIALIZED_AUTOS = YES_AGGRESSIVE;
				GCC_WARN_UNUSED_FUNCTION = YES;
				GCC_WARN_UNUSED_VARIABLE = YES;
				IPHONEOS_DEPLOYMENT_TARGET = 16.1;
				MTL_ENABLE_DEBUG_INFO = NO;
				MTL_FAST_MATH = YES;
				SDKROOT = iphoneos;
				SWIFT_COMPILATION_MODE = wholemodule;
				SWIFT_OPTIMIZATION_LEVEL = "-O";
				VALIDATE_PRODUCT = YES;
			};
			name = Release;
		};
		F91BF1632A42AE93003F449F /* Debug */ = {
			isa = XCBuildConfiguration;
			buildSettings = {
				ASSETCATALOG_COMPILER_APPICON_NAME = AppIcon;
				ASSETCATALOG_COMPILER_GLOBAL_ACCENT_COLOR_NAME = AccentColor;
				CODE_SIGN_STYLE = Automatic;
				CURRENT_PROJECT_VERSION = 1;
				DEVELOPMENT_ASSET_PATHS = "\"MovieAppMVVM/Preview Content\"";
				DEVELOPMENT_TEAM = 7UC92653G8;
				ENABLE_PREVIEWS = YES;
				GENERATE_INFOPLIST_FILE = YES;
				INFOPLIST_FILE = MovieAppMVVM/Info.plist;
				INFOPLIST_KEY_UIApplicationSceneManifest_Generation = YES;
				INFOPLIST_KEY_UIApplicationSupportsIndirectInputEvents = YES;
				INFOPLIST_KEY_UILaunchScreen_Generation = YES;
				INFOPLIST_KEY_UISupportedInterfaceOrientations_iPad = "UIInterfaceOrientationPortrait UIInterfaceOrientationPortraitUpsideDown UIInterfaceOrientationLandscapeLeft UIInterfaceOrientationLandscapeRight";
				INFOPLIST_KEY_UISupportedInterfaceOrientations_iPhone = "UIInterfaceOrientationPortrait UIInterfaceOrientationLandscapeLeft UIInterfaceOrientationLandscapeRight";
				LD_RUNPATH_SEARCH_PATHS = (
					"$(inherited)",
					"@executable_path/Frameworks",
				);
				MARKETING_VERSION = 1.0;
				PRODUCT_BUNDLE_IDENTIFIER = com.franklin.MovieAppMVVM;
				PRODUCT_NAME = "$(TARGET_NAME)";
				SWIFT_EMIT_LOC_STRINGS = YES;
				SWIFT_VERSION = 5.0;
				TARGETED_DEVICE_FAMILY = "1,2";
			};
			name = Debug;
		};
		F91BF1642A42AE93003F449F /* Release */ = {
			isa = XCBuildConfiguration;
			buildSettings = {
				ASSETCATALOG_COMPILER_APPICON_NAME = AppIcon;
				ASSETCATALOG_COMPILER_GLOBAL_ACCENT_COLOR_NAME = AccentColor;
				CODE_SIGN_STYLE = Automatic;
				CURRENT_PROJECT_VERSION = 1;
				DEVELOPMENT_ASSET_PATHS = "\"MovieAppMVVM/Preview Content\"";
				DEVELOPMENT_TEAM = 7UC92653G8;
				ENABLE_PREVIEWS = YES;
				GENERATE_INFOPLIST_FILE = YES;
				INFOPLIST_FILE = MovieAppMVVM/Info.plist;
				INFOPLIST_KEY_UIApplicationSceneManifest_Generation = YES;
				INFOPLIST_KEY_UIApplicationSupportsIndirectInputEvents = YES;
				INFOPLIST_KEY_UILaunchScreen_Generation = YES;
				INFOPLIST_KEY_UISupportedInterfaceOrientations_iPad = "UIInterfaceOrientationPortrait UIInterfaceOrientationPortraitUpsideDown UIInterfaceOrientationLandscapeLeft UIInterfaceOrientationLandscapeRight";
				INFOPLIST_KEY_UISupportedInterfaceOrientations_iPhone = "UIInterfaceOrientationPortrait UIInterfaceOrientationLandscapeLeft UIInterfaceOrientationLandscapeRight";
				LD_RUNPATH_SEARCH_PATHS = (
					"$(inherited)",
					"@executable_path/Frameworks",
				);
				MARKETING_VERSION = 1.0;
				PRODUCT_BUNDLE_IDENTIFIER = com.franklin.MovieAppMVVM;
				PRODUCT_NAME = "$(TARGET_NAME)";
				SWIFT_EMIT_LOC_STRINGS = YES;
				SWIFT_VERSION = 5.0;
				TARGETED_DEVICE_FAMILY = "1,2";
			};
			name = Release;
		};
/* End XCBuildConfiguration section */

/* Begin XCConfigurationList section */
		F91BF14F2A42AE91003F449F /* Build configuration list for PBXProject "MovieAppMVVM" */ = {
			isa = XCConfigurationList;
			buildConfigurations = (
				F91BF1602A42AE93003F449F /* Debug */,
				F91BF1612A42AE93003F449F /* Release */,
			);
			defaultConfigurationIsVisible = 0;
			defaultConfigurationName = Release;
		};
		F91BF1622A42AE93003F449F /* Build configuration list for PBXNativeTarget "MovieAppMVVM" */ = {
			isa = XCConfigurationList;
			buildConfigurations = (
				F91BF1632A42AE93003F449F /* Debug */,
				F91BF1642A42AE93003F449F /* Release */,
			);
			defaultConfigurationIsVisible = 0;
			defaultConfigurationName = Release;
		};
/* End XCConfigurationList section */
	};
	rootObject = F91BF14C2A42AE91003F449F /* Project object */;
}
